// !$*UTF8*$!
{
	archiveVersion = 1;
	classes = {
	};
	objectVersion = 50;
	objects = {

/* Begin PBXBuildFile section */
		692BDCEDA0D2C40FD4F69812 /* Pods_YahooShoppingSearch.framework in Frameworks */ = {isa = PBXBuildFile; fileRef = FC27F427BCD3E264B5E16526 /* Pods_YahooShoppingSearch.framework */; };
		E212396E21777A2100292849 /* AppDelegate.swift in Sources */ = {isa = PBXBuildFile; fileRef = E212396D21777A2100292849 /* AppDelegate.swift */; };
		E212397321777A2100292849 /* Main.storyboard in Resources */ = {isa = PBXBuildFile; fileRef = E212397121777A2100292849 /* Main.storyboard */; };
		E212397521777A2300292849 /* Assets.xcassets in Resources */ = {isa = PBXBuildFile; fileRef = E212397421777A2300292849 /* Assets.xcassets */; };
		E212397821777A2300292849 /* LaunchScreen.storyboard in Resources */ = {isa = PBXBuildFile; fileRef = E212397621777A2300292849 /* LaunchScreen.storyboard */; };
		E21DE2DF217B65E200C0C625 /* ItemTableViewCell.swift in Sources */ = {isa = PBXBuildFile; fileRef = E21DE2DE217B65E200C0C625 /* ItemTableViewCell.swift */; };
		E21DE2E1217CAA9A00C0C625 /* SearchItemTableViewController.swift in Sources */ = {isa = PBXBuildFile; fileRef = E21DE2E0217CAA9A00C0C625 /* SearchItemTableViewController.swift */; };
		E21DE2E3217F5ECE00C0C625 /* PrivateCommon.swift in Sources */ = {isa = PBXBuildFile; fileRef = E21DE2E2217F5ECE00C0C625 /* PrivateCommon.swift */; };
		E21DE2E5218072B300C0C625 /* WebViewController.swift in Sources */ = {isa = PBXBuildFile; fileRef = E21DE2E4218072B300C0C625 /* WebViewController.swift */; };
		E262F1A221798138009634BB /* ItemSearchResultSet.swift in Sources */ = {isa = PBXBuildFile; fileRef = E262F1A121798138009634BB /* ItemSearchResultSet.swift */; };
		E28627D321DC40C00023B9D4 /* ApiManager.swift in Sources */ = {isa = PBXBuildFile; fileRef = E28627D221DC40C00023B9D4 /* ApiManager.swift */; };
		E28627D521E074860023B9D4 /* ApiManagerNoRx.swift in Sources */ = {isa = PBXBuildFile; fileRef = E28627D421E074860023B9D4 /* ApiManagerNoRx.swift */; };
		E28627D721E08DF20023B9D4 /* ApiTarget.swift in Sources */ = {isa = PBXBuildFile; fileRef = E28627D621E08DF20023B9D4 /* ApiTarget.swift */; };
/* End PBXBuildFile section */

/* Begin PBXFileReference section */
		9D476D8229D7DEF8DE23C79A /* Pods-YahooShoppingSearch.release.xcconfig */ = {isa = PBXFileReference; includeInIndex = 1; lastKnownFileType = text.xcconfig; name = "Pods-YahooShoppingSearch.release.xcconfig"; path = "Pods/Target Support Files/Pods-YahooShoppingSearch/Pods-YahooShoppingSearch.release.xcconfig"; sourceTree = "<group>"; };
		A7BCADAC07A36AA8080EEC16 /* Pods-YahooShoppingSearch.debug.xcconfig */ = {isa = PBXFileReference; includeInIndex = 1; lastKnownFileType = text.xcconfig; name = "Pods-YahooShoppingSearch.debug.xcconfig"; path = "Pods/Target Support Files/Pods-YahooShoppingSearch/Pods-YahooShoppingSearch.debug.xcconfig"; sourceTree = "<group>"; };
		E212396A21777A2100292849 /* YahooShoppingSearch.app */ = {isa = PBXFileReference; explicitFileType = wrapper.application; includeInIndex = 0; path = YahooShoppingSearch.app; sourceTree = BUILT_PRODUCTS_DIR; };
		E212396D21777A2100292849 /* AppDelegate.swift */ = {isa = PBXFileReference; lastKnownFileType = sourcecode.swift; path = AppDelegate.swift; sourceTree = "<group>"; };
		E212397221777A2100292849 /* Base */ = {isa = PBXFileReference; lastKnownFileType = file.storyboard; name = Base; path = Base.lproj/Main.storyboard; sourceTree = "<group>"; };
		E212397421777A2300292849 /* Assets.xcassets */ = {isa = PBXFileReference; lastKnownFileType = folder.assetcatalog; path = Assets.xcassets; sourceTree = "<group>"; };
		E212397721777A2300292849 /* Base */ = {isa = PBXFileReference; lastKnownFileType = file.storyboard; name = Base; path = Base.lproj/LaunchScreen.storyboard; sourceTree = "<group>"; };
		E212397921777A2300292849 /* Info.plist */ = {isa = PBXFileReference; lastKnownFileType = text.plist.xml; path = Info.plist; sourceTree = "<group>"; };
		E21DE2DE217B65E200C0C625 /* ItemTableViewCell.swift */ = {isa = PBXFileReference; lastKnownFileType = sourcecode.swift; path = ItemTableViewCell.swift; sourceTree = "<group>"; };
		E21DE2E0217CAA9A00C0C625 /* SearchItemTableViewController.swift */ = {isa = PBXFileReference; lastKnownFileType = sourcecode.swift; path = SearchItemTableViewController.swift; sourceTree = "<group>"; };
		E21DE2E2217F5ECE00C0C625 /* PrivateCommon.swift */ = {isa = PBXFileReference; lastKnownFileType = sourcecode.swift; path = PrivateCommon.swift; sourceTree = "<group>"; };
		E21DE2E4218072B300C0C625 /* WebViewController.swift */ = {isa = PBXFileReference; lastKnownFileType = sourcecode.swift; path = WebViewController.swift; sourceTree = "<group>"; };
		E262F1A121798138009634BB /* ItemSearchResultSet.swift */ = {isa = PBXFileReference; lastKnownFileType = sourcecode.swift; path = ItemSearchResultSet.swift; sourceTree = "<group>"; };
		E28627D221DC40C00023B9D4 /* ApiManager.swift */ = {isa = PBXFileReference; lastKnownFileType = sourcecode.swift; path = ApiManager.swift; sourceTree = "<group>"; };
		E28627D421E074860023B9D4 /* ApiManagerNoRx.swift */ = {isa = PBXFileReference; lastKnownFileType = sourcecode.swift; path = ApiManagerNoRx.swift; sourceTree = "<group>"; };
		E28627D621E08DF20023B9D4 /* ApiTarget.swift */ = {isa = PBXFileReference; lastKnownFileType = sourcecode.swift; path = ApiTarget.swift; sourceTree = "<group>"; };
		FC27F427BCD3E264B5E16526 /* Pods_YahooShoppingSearch.framework */ = {isa = PBXFileReference; explicitFileType = wrapper.framework; includeInIndex = 0; name = Pods_YahooShoppingSearch.framework; path = "../../Library/Developer/Xcode/DerivedData/YahooShoppingSearch-dtiokljcruyzldcyazmmtccxlgpo/Build/Products/Debug-iphoneos/Pods_YahooShoppingSearch.framework"; sourceTree = "<group>"; };
/* End PBXFileReference section */

/* Begin PBXFrameworksBuildPhase section */
		E212396721777A2100292849 /* Frameworks */ = {
			isa = PBXFrameworksBuildPhase;
			buildActionMask = 2147483647;
			files = (
				692BDCEDA0D2C40FD4F69812 /* Pods_YahooShoppingSearch.framework in Frameworks */,
			);
			runOnlyForDeploymentPostprocessing = 0;
		};
/* End PBXFrameworksBuildPhase section */

/* Begin PBXGroup section */
		0AB35436C973C5CD7DF64B15 /* Pods */ = {
			isa = PBXGroup;
			children = (
				A7BCADAC07A36AA8080EEC16 /* Pods-YahooShoppingSearch.debug.xcconfig */,
				9D476D8229D7DEF8DE23C79A /* Pods-YahooShoppingSearch.release.xcconfig */,
			);
			name = Pods;
			sourceTree = "<group>";
		};
		8E4A4C5BEE66BE20848D7A9F /* Frameworks */ = {
			isa = PBXGroup;
			children = (
				FC27F427BCD3E264B5E16526 /* Pods_YahooShoppingSearch.framework */,
			);
			name = Frameworks;
			sourceTree = "<group>";
		};
		E212396121777A2100292849 = {
			isa = PBXGroup;
			children = (
				E212396C21777A2100292849 /* YahooShoppingSearch */,
				E212396B21777A2100292849 /* Products */,
				0AB35436C973C5CD7DF64B15 /* Pods */,
				8E4A4C5BEE66BE20848D7A9F /* Frameworks */,
			);
			sourceTree = "<group>";
		};
		E212396B21777A2100292849 /* Products */ = {
			isa = PBXGroup;
			children = (
				E212396A21777A2100292849 /* YahooShoppingSearch.app */,
			);
			name = Products;
			sourceTree = "<group>";
		};
		E212396C21777A2100292849 /* YahooShoppingSearch */ = {
			isa = PBXGroup;
			children = (
				E28627D121DC40950023B9D4 /* ApiManager */,
				E212396D21777A2100292849 /* AppDelegate.swift */,
				E212397121777A2100292849 /* Main.storyboard */,
				E212397421777A2300292849 /* Assets.xcassets */,
				E212397621777A2300292849 /* LaunchScreen.storyboard */,
				E212397921777A2300292849 /* Info.plist */,
				E262F1A121798138009634BB /* ItemSearchResultSet.swift */,
				E21DE2DE217B65E200C0C625 /* ItemTableViewCell.swift */,
				E21DE2E0217CAA9A00C0C625 /* SearchItemTableViewController.swift */,
				E21DE2E2217F5ECE00C0C625 /* PrivateCommon.swift */,
				E21DE2E4218072B300C0C625 /* WebViewController.swift */,
			);
			path = YahooShoppingSearch;
			sourceTree = "<group>";
		};
		E28627D121DC40950023B9D4 /* ApiManager */ = {
			isa = PBXGroup;
			children = (
				E28627D221DC40C00023B9D4 /* ApiManager.swift */,
				E28627D421E074860023B9D4 /* ApiManagerNoRx.swift */,
				E28627D621E08DF20023B9D4 /* ApiTarget.swift */,
			);
			path = ApiManager;
			sourceTree = "<group>";
		};
/* End PBXGroup section */

/* Begin PBXNativeTarget section */
		E212396921777A2100292849 /* YahooShoppingSearch */ = {
			isa = PBXNativeTarget;
			buildConfigurationList = E212397C21777A2300292849 /* Build configuration list for PBXNativeTarget "YahooShoppingSearch" */;
			buildPhases = (
				1FF495C2F346DE0549266479 /* [CP] Check Pods Manifest.lock */,
				E212396621777A2100292849 /* Sources */,
				E212396721777A2100292849 /* Frameworks */,
				E212396821777A2100292849 /* Resources */,
				81BAD650C70251AA24A04130 /* [CP] Embed Pods Frameworks */,
			);
			buildRules = (
			);
			dependencies = (
			);
			name = YahooShoppingSearch;
			productName = YahooShoppingSearch;
			productReference = E212396A21777A2100292849 /* YahooShoppingSearch.app */;
			productType = "com.apple.product-type.application";
		};
/* End PBXNativeTarget section */

/* Begin PBXProject section */
		E212396221777A2100292849 /* Project object */ = {
			isa = PBXProject;
			attributes = {
				LastSwiftUpdateCheck = 1000;
				LastUpgradeCheck = 1000;
				ORGANIZATIONNAME = beakchild;
				TargetAttributes = {
					E212396921777A2100292849 = {
						CreatedOnToolsVersion = 10.0;
					};
				};
			};
			buildConfigurationList = E212396521777A2100292849 /* Build configuration list for PBXProject "YahooShoppingSearch" */;
			compatibilityVersion = "Xcode 9.3";
			developmentRegion = en;
			hasScannedForEncodings = 0;
			knownRegions = (
				en,
				Base,
			);
			mainGroup = E212396121777A2100292849;
			productRefGroup = E212396B21777A2100292849 /* Products */;
			projectDirPath = "";
			projectRoot = "";
			targets = (
				E212396921777A2100292849 /* YahooShoppingSearch */,
			);
		};
/* End PBXProject section */

/* Begin PBXResourcesBuildPhase section */
		E212396821777A2100292849 /* Resources */ = {
			isa = PBXResourcesBuildPhase;
			buildActionMask = 2147483647;
			files = (
				E212397821777A2300292849 /* LaunchScreen.storyboard in Resources */,
				E212397521777A2300292849 /* Assets.xcassets in Resources */,
				E212397321777A2100292849 /* Main.storyboard in Resources */,
			);
			runOnlyForDeploymentPostprocessing = 0;
		};
/* End PBXResourcesBuildPhase section */

/* Begin PBXShellScriptBuildPhase section */
		1FF495C2F346DE0549266479 /* [CP] Check Pods Manifest.lock */ = {
			isa = PBXShellScriptBuildPhase;
			buildActionMask = 2147483647;
			files = (
			);
			inputFileListPaths = (
			);
			inputPaths = (
				"${PODS_PODFILE_DIR_PATH}/Podfile.lock",
				"${PODS_ROOT}/Manifest.lock",
			);
			name = "[CP] Check Pods Manifest.lock";
			outputFileListPaths = (
			);
			outputPaths = (
				"$(DERIVED_FILE_DIR)/Pods-YahooShoppingSearch-checkManifestLockResult.txt",
			);
			runOnlyForDeploymentPostprocessing = 0;
			shellPath = /bin/sh;
			shellScript = "diff \"${PODS_PODFILE_DIR_PATH}/Podfile.lock\" \"${PODS_ROOT}/Manifest.lock\" > /dev/null\nif [ $? != 0 ] ; then\n    # print error to STDERR\n    echo \"error: The sandbox is not in sync with the Podfile.lock. Run 'pod install' or update your CocoaPods installation.\" >&2\n    exit 1\nfi\n# This output is used by Xcode 'outputs' to avoid re-running this script phase.\necho \"SUCCESS\" > \"${SCRIPT_OUTPUT_FILE_0}\"\n";
			showEnvVarsInLog = 0;
		};
		81BAD650C70251AA24A04130 /* [CP] Embed Pods Frameworks */ = {
			isa = PBXShellScriptBuildPhase;
			buildActionMask = 2147483647;
			files = (
			);
			inputFileListPaths = (
			);
			inputPaths = (
				"${SRCROOT}/Pods/Target Support Files/Pods-YahooShoppingSearch/Pods-YahooShoppingSearch-frameworks.sh",
				"${BUILT_PRODUCTS_DIR}/Alamofire/Alamofire.framework",
				"${BUILT_PRODUCTS_DIR}/Moya/Moya.framework",
				"${BUILT_PRODUCTS_DIR}/Result/Result.framework",
				"${BUILT_PRODUCTS_DIR}/RxAtomic/RxAtomic.framework",
				"${BUILT_PRODUCTS_DIR}/RxSwift/RxSwift.framework",
			);
			name = "[CP] Embed Pods Frameworks";
			outputFileListPaths = (
			);
			outputPaths = (
				"${TARGET_BUILD_DIR}/${FRAMEWORKS_FOLDER_PATH}/Alamofire.framework",
				"${TARGET_BUILD_DIR}/${FRAMEWORKS_FOLDER_PATH}/Moya.framework",
				"${TARGET_BUILD_DIR}/${FRAMEWORKS_FOLDER_PATH}/Result.framework",
				"${TARGET_BUILD_DIR}/${FRAMEWORKS_FOLDER_PATH}/RxAtomic.framework",
				"${TARGET_BUILD_DIR}/${FRAMEWORKS_FOLDER_PATH}/RxSwift.framework",
			);
			runOnlyForDeploymentPostprocessing = 0;
			shellPath = /bin/sh;
			shellScript = "\"${SRCROOT}/Pods/Target Support Files/Pods-YahooShoppingSearch/Pods-YahooShoppingSearch-frameworks.sh\"\n";
			showEnvVarsInLog = 0;
		};
/* End PBXShellScriptBuildPhase section */

/* Begin PBXSourcesBuildPhase section */
		E212396621777A2100292849 /* Sources */ = {
			isa = PBXSourcesBuildPhase;
			buildActionMask = 2147483647;
			files = (
				E262F1A221798138009634BB /* ItemSearchResultSet.swift in Sources */,
				E21DE2E5218072B300C0C625 /* WebViewController.swift in Sources */,
				E21DE2DF217B65E200C0C625 /* ItemTableViewCell.swift in Sources */,
				E28627D521E074860023B9D4 /* ApiManagerNoRx.swift in Sources */,
				E28627D321DC40C00023B9D4 /* ApiManager.swift in Sources */,
				E21DE2E1217CAA9A00C0C625 /* SearchItemTableViewController.swift in Sources */,
				E212396E21777A2100292849 /* AppDelegate.swift in Sources */,
				E21DE2E3217F5ECE00C0C625 /* PrivateCommon.swift in Sources */,
				E28627D721E08DF20023B9D4 /* ApiTarget.swift in Sources */,
			);
			runOnlyForDeploymentPostprocessing = 0;
		};
/* End PBXSourcesBuildPhase section */

/* Begin PBXVariantGroup section */
		E212397121777A2100292849 /* Main.storyboard */ = {
			isa = PBXVariantGroup;
			children = (
				E212397221777A2100292849 /* Base */,
			);
			name = Main.storyboard;
			sourceTree = "<group>";
		};
		E212397621777A2300292849 /* LaunchScreen.storyboard */ = {
			isa = PBXVariantGroup;
			children = (
				E212397721777A2300292849 /* Base */,
			);
			name = LaunchScreen.storyboard;
			sourceTree = "<group>";
		};
/* End PBXVariantGroup section */

/* Begin XCBuildConfiguration section */
		E212397A21777A2300292849 /* Debug */ = {
			isa = XCBuildConfiguration;
			buildSettings = {
				ALWAYS_SEARCH_USER_PATHS = NO;
				CLANG_ANALYZER_NONNULL = YES;
				CLANG_ANALYZER_NUMBER_OBJECT_CONVERSION = YES_AGGRESSIVE;
				CLANG_CXX_LANGUAGE_STANDARD = "gnu++14";
				CLANG_CXX_LIBRARY = "libc++";
				CLANG_ENABLE_MODULES = YES;
				CLANG_ENABLE_OBJC_ARC = YES;
				CLANG_ENABLE_OBJC_WEAK = YES;
				CLANG_WARN_BLOCK_CAPTURE_AUTORELEASING = YES;
				CLANG_WARN_BOOL_CONVERSION = YES;
				CLANG_WARN_COMMA = YES;
				CLANG_WARN_CONSTANT_CONVERSION = YES;
				CLANG_WARN_DEPRECATED_OBJC_IMPLEMENTATIONS = YES;
				CLANG_WARN_DIRECT_OBJC_ISA_USAGE = YES_ERROR;
				CLANG_WARN_DOCUMENTATION_COMMENTS = YES;
				CLANG_WARN_EMPTY_BODY = YES;
				CLANG_WARN_ENUM_CONVERSION = YES;
				CLANG_WARN_INFINITE_RECURSION = YES;
				CLANG_WARN_INT_CONVERSION = YES;
				CLANG_WARN_NON_LITERAL_NULL_CONVERSION = YES;
				CLANG_WARN_OBJC_IMPLICIT_RETAIN_SELF = YES;
				CLANG_WARN_OBJC_LITERAL_CONVERSION = YES;
				CLANG_WARN_OBJC_ROOT_CLASS = YES_ERROR;
				CLANG_WARN_RANGE_LOOP_ANALYSIS = YES;
				CLANG_WARN_STRICT_PROTOTYPES = YES;
				CLANG_WARN_SUSPICIOUS_MOVE = YES;
				CLANG_WARN_UNGUARDED_AVAILABILITY = YES_AGGRESSIVE;
				CLANG_WARN_UNREACHABLE_CODE = YES;
				CLANG_WARN__DUPLICATE_METHOD_MATCH = YES;
				CODE_SIGN_IDENTITY = "iPhone Developer";
				COPY_PHASE_STRIP = NO;
				DEBUG_INFORMATION_FORMAT = dwarf;
				ENABLE_STRICT_OBJC_MSGSEND = YES;
				ENABLE_TESTABILITY = YES;
				GCC_C_LANGUAGE_STANDARD = gnu11;
				GCC_DYNAMIC_NO_PIC = NO;
				GCC_NO_COMMON_BLOCKS = YES;
				GCC_OPTIMIZATION_LEVEL = 0;
				GCC_PREPROCESSOR_DEFINITIONS = (
					"DEBUG=1",
					"$(inherited)",
				);
				GCC_WARN_64_TO_32_BIT_CONVERSION = YES;
				GCC_WARN_ABOUT_RETURN_TYPE = YES_ERROR;
				GCC_WARN_UNDECLARED_SELECTOR = YES;
				GCC_WARN_UNINITIALIZED_AUTOS = YES_AGGRESSIVE;
				GCC_WARN_UNUSED_FUNCTION = YES;
				GCC_WARN_UNUSED_VARIABLE = YES;
				IPHONEOS_DEPLOYMENT_TARGET = 12.0;
				MTL_ENABLE_DEBUG_INFO = INCLUDE_SOURCE;
				MTL_FAST_MATH = YES;
				ONLY_ACTIVE_ARCH = YES;
				SDKROOT = iphoneos;
				SWIFT_ACTIVE_COMPILATION_CONDITIONS = DEBUG;
				SWIFT_OPTIMIZATION_LEVEL = "-Onone";
			};
			name = Debug;
		};
		E212397B21777A2300292849 /* Release */ = {
			isa = XCBuildConfiguration;
			buildSettings = {
				ALWAYS_SEARCH_USER_PATHS = NO;
				CLANG_ANALYZER_NONNULL = YES;
				CLANG_ANALYZER_NUMBER_OBJECT_CONVERSION = YES_AGGRESSIVE;
				CLANG_CXX_LANGUAGE_STANDARD = "gnu++14";
				CLANG_CXX_LIBRARY = "libc++";
				CLANG_ENABLE_MODULES = YES;
				CLANG_ENABLE_OBJC_ARC = YES;
				CLANG_ENABLE_OBJC_WEAK = YES;
				CLANG_WARN_BLOCK_CAPTURE_AUTORELEASING = YES;
				CLANG_WARN_BOOL_CONVERSION = YES;
				CLANG_WARN_COMMA = YES;
				CLANG_WARN_CONSTANT_CONVERSION = YES;
				CLANG_WARN_DEPRECATED_OBJC_IMPLEMENTATIONS = YES;
				CLANG_WARN_DIRECT_OBJC_ISA_USAGE = YES_ERROR;
				CLANG_WARN_DOCUMENTATION_COMMENTS = YES;
				CLANG_WARN_EMPTY_BODY = YES;
				CLANG_WARN_ENUM_CONVERSION = YES;
				CLANG_WARN_INFINITE_RECURSION = YES;
				CLANG_WARN_INT_CONVERSION = YES;
				CLANG_WARN_NON_LITERAL_NULL_CONVERSION = YES;
				CLANG_WARN_OBJC_IMPLICIT_RETAIN_SELF = YES;
				CLANG_WARN_OBJC_LITERAL_CONVERSION = YES;
				CLANG_WARN_OBJC_ROOT_CLASS = YES_ERROR;
				CLANG_WARN_RANGE_LOOP_ANALYSIS = YES;
				CLANG_WARN_STRICT_PROTOTYPES = YES;
				CLANG_WARN_SUSPICIOUS_MOVE = YES;
				CLANG_WARN_UNGUARDED_AVAILABILITY = YES_AGGRESSIVE;
				CLANG_WARN_UNREACHABLE_CODE = YES;
				CLANG_WARN__DUPLICATE_METHOD_MATCH = YES;
				CODE_SIGN_IDENTITY = "iPhone Developer";
				COPY_PHASE_STRIP = NO;
				DEBUG_INFORMATION_FORMAT = "dwarf-with-dsym";
				ENABLE_NS_ASSERTIONS = NO;
				ENABLE_STRICT_OBJC_MSGSEND = YES;
				GCC_C_LANGUAGE_STANDARD = gnu11;
				GCC_NO_COMMON_BLOCKS = YES;
				GCC_WARN_64_TO_32_BIT_CONVERSION = YES;
				GCC_WARN_ABOUT_RETURN_TYPE = YES_ERROR;
				GCC_WARN_UNDECLARED_SELECTOR = YES;
				GCC_WARN_UNINITIALIZED_AUTOS = YES_AGGRESSIVE;
				GCC_WARN_UNUSED_FUNCTION = YES;
				GCC_WARN_UNUSED_VARIABLE = YES;
				IPHONEOS_DEPLOYMENT_TARGET = 12.0;
				MTL_ENABLE_DEBUG_INFO = NO;
				MTL_FAST_MATH = YES;
				SDKROOT = iphoneos;
				SWIFT_COMPILATION_MODE = wholemodule;
				SWIFT_OPTIMIZATION_LEVEL = "-O";
				VALIDATE_PRODUCT = YES;
			};
			name = Release;
		};
		E212397D21777A2300292849 /* Debug */ = {
			isa = XCBuildConfiguration;
			baseConfigurationReference = A7BCADAC07A36AA8080EEC16 /* Pods-YahooShoppingSearch.debug.xcconfig */;
			buildSettings = {
				ASSETCATALOG_COMPILER_APPICON_NAME = AppIcon;
				CODE_SIGN_STYLE = Automatic;
				DEVELOPMENT_TEAM = 5DBB9P46DP;
				INFOPLIST_FILE = YahooShoppingSearch/Info.plist;
				IPHONEOS_DEPLOYMENT_TARGET = 12.0;
				LD_RUNPATH_SEARCH_PATHS = (
					"$(inherited)",
					"@executable_path/Frameworks",
				);
				PRODUCT_BUNDLE_IDENTIFIER = com.beakchild.YahooShoppingSearch;
				PRODUCT_NAME = "$(TARGET_NAME)";
				SWIFT_VERSION = 4.2;
				TARGETED_DEVICE_FAMILY = "1,2";
			};
			name = Debug;
		};
		E212397E21777A2300292849 /* Release */ = {
			isa = XCBuildConfiguration;
			baseConfigurationReference = 9D476D8229D7DEF8DE23C79A /* Pods-YahooShoppingSearch.release.xcconfig */;
			buildSettings = {
				ASSETCATALOG_COMPILER_APPICON_NAME = AppIcon;
				CODE_SIGN_STYLE = Automatic;
				DEVELOPMENT_TEAM = 5DBB9P46DP;
				INFOPLIST_FILE = YahooShoppingSearch/Info.plist;
				IPHONEOS_DEPLOYMENT_TARGET = 12.0;
				LD_RUNPATH_SEARCH_PATHS = (
					"$(inherited)",
					"@executable_path/Frameworks",
				);
				PRODUCT_BUNDLE_IDENTIFIER = com.beakchild.YahooShoppingSearch;
				PRODUCT_NAME = "$(TARGET_NAME)";
				SWIFT_VERSION = 4.2;
				TARGETED_DEVICE_FAMILY = "1,2";
			};
			name = Release;
		};
/* End XCBuildConfiguration section */

/* Begin XCConfigurationList section */
		E212396521777A2100292849 /* Build configuration list for PBXProject "YahooShoppingSearch" */ = {
			isa = XCConfigurationList;
			buildConfigurations = (
				E212397A21777A2300292849 /* Debug */,
				E212397B21777A2300292849 /* Release */,
			);
			defaultConfigurationIsVisible = 0;
			defaultConfigurationName = Release;
		};
		E212397C21777A2300292849 /* Build configuration list for PBXNativeTarget "YahooShoppingSearch" */ = {
			isa = XCConfigurationList;
			buildConfigurations = (
				E212397D21777A2300292849 /* Debug */,
				E212397E21777A2300292849 /* Release */,
			);
			defaultConfigurationIsVisible = 0;
			defaultConfigurationName = Release;
		};
/* End XCConfigurationList section */
	};
	rootObject = E212396221777A2100292849 /* Project object */;
}
